
Microsoft Visual Studio Solution File, Format Version 12.00
# Visual Studio Version 17
VisualStudioVersion = 17.5.002.0
MinimumVisualStudioVersion = 10.0.40219.1
Project("{9A19103F-16F7-4668-BE54-9A1E7A4F7556}") = "FilterNumbers", "FilterNumbers.csproj", "{A09C5E29-2051-4735-B85F-68651557AA3F}"
EndProject
Global
	GlobalSection(SolutionConfigurationPlatforms) = preSolution
		Debug|Any CPU = Debug|Any CPU
		Release|Any CPU = Release|Any CPU
	EndGlobalSection
	GlobalSection(ProjectConfigurationPlatforms) = postSolution
		{A09C5E29-2051-4735-B85F-68651557AA3F}.Debug|Any CPU.ActiveCfg = Debug|Any CPU
		{A09C5E29-2051-4735-B85F-68651557AA3F}.Debug|Any CPU.Build.0 = Debug|Any CPU
		{A09C5E29-2051-4735-B85F-68651557AA3F}.Release|Any CPU.ActiveCfg = Release|Any CPU
		{A09C5E29-2051-4735-B85F-68651557AA3F}.Release|Any CPU.Build.0 = Release|Any CPU
	EndGlobalSection
	GlobalSection(SolutionProperties) = preSolution
		HideSolutionNode = FALSE
	EndGlobalSection
	GlobalSection(ExtensibilityGlobals) = postSolution
		SolutionGuid = {9A22C4D3-4C6C-4E7C-BD1E-9E730BCF2A29}
	EndGlobalSection
EndGlobal
